// !$*UTF8*$!
{
	archiveVersion = 1;
	classes = {
	};
	objectVersion = 50;
	objects = {

/* Begin PBXBuildFile section */
		C421238623D3AC5D0012A865 /* AppDelegate.swift in Sources */ = {isa = PBXBuildFile; fileRef = C421238523D3AC5D0012A865 /* AppDelegate.swift */; };
		C421238823D3AC5D0012A865 /* SceneDelegate.swift in Sources */ = {isa = PBXBuildFile; fileRef = C421238723D3AC5D0012A865 /* SceneDelegate.swift */; };
		C421238A23D3AC5D0012A865 /* ViewController.swift in Sources */ = {isa = PBXBuildFile; fileRef = C421238923D3AC5D0012A865 /* ViewController.swift */; };
		C421238D23D3AC5D0012A865 /* Main.storyboard in Resources */ = {isa = PBXBuildFile; fileRef = C421238B23D3AC5D0012A865 /* Main.storyboard */; };
		C421239023D3AC5D0012A865 /* CollectionViewBug.xcdatamodeld in Sources */ = {isa = PBXBuildFile; fileRef = C421238E23D3AC5D0012A865 /* CollectionViewBug.xcdatamodeld */; };
		C421239223D3AC5E0012A865 /* Assets.xcassets in Resources */ = {isa = PBXBuildFile; fileRef = C421239123D3AC5E0012A865 /* Assets.xcassets */; };
		C421239523D3AC5E0012A865 /* LaunchScreen.storyboard in Resources */ = {isa = PBXBuildFile; fileRef = C421239323D3AC5E0012A865 /* LaunchScreen.storyboard */; };
		C421239E23D3AC7D0012A865 /* Test+CoreDataClass.swift in Sources */ = {isa = PBXBuildFile; fileRef = C421239C23D3AC7D0012A865 /* Test+CoreDataClass.swift */; };
		C421239F23D3AC7D0012A865 /* Test+CoreDataProperties.swift in Sources */ = {isa = PBXBuildFile; fileRef = C421239D23D3AC7D0012A865 /* Test+CoreDataProperties.swift */; };
/* End PBXBuildFile section */

/* Begin PBXFileReference section */
		C421238223D3AC5D0012A865 /* CollectionViewBug.app */ = {isa = PBXFileReference; explicitFileType = wrapper.application; includeInIndex = 0; path = CollectionViewBug.app; sourceTree = BUILT_PRODUCTS_DIR; };
		C421238523D3AC5D0012A865 /* AppDelegate.swift */ = {isa = PBXFileReference; lastKnownFileType = sourcecode.swift; path = AppDelegate.swift; sourceTree = "<group>"; };
		C421238723D3AC5D0012A865 /* SceneDelegate.swift */ = {isa = PBXFileReference; lastKnownFileType = sourcecode.swift; path = SceneDelegate.swift; sourceTree = "<group>"; };
		C421238923D3AC5D0012A865 /* ViewController.swift */ = {isa = PBXFileReference; lastKnownFileType = sourcecode.swift; path = ViewController.swift; sourceTree = "<group>"; };
		C421238C23D3AC5D0012A865 /* Base */ = {isa = PBXFileReference; lastKnownFileType = file.storyboard; name = Base; path = Base.lproj/Main.storyboard; sourceTree = "<group>"; };
		C421238F23D3AC5D0012A865 /* CollectionViewBug.xcdatamodel */ = {isa = PBXFileReference; lastKnownFileType = wrapper.xcdatamodel; path = CollectionViewBug.xcdatamodel; sourceTree = "<group>"; };
		C421239123D3AC5E0012A865 /* Assets.xcassets */ = {isa = PBXFileReference; lastKnownFileType = folder.assetcatalog; path = Assets.xcassets; sourceTree = "<group>"; };
		C421239423D3AC5E0012A865 /* Base */ = {isa = PBXFileReference; lastKnownFileType = file.storyboard; name = Base; path = Base.lproj/LaunchScreen.storyboard; sourceTree = "<group>"; };
		C421239623D3AC5E0012A865 /* Info.plist */ = {isa = PBXFileReference; lastKnownFileType = text.plist.xml; path = Info.plist; sourceTree = "<group>"; };
		C421239C23D3AC7D0012A865 /* Test+CoreDataClass.swift */ = {isa = PBXFileReference; lastKnownFileType = sourcecode.swift; path = "Test+CoreDataClass.swift"; sourceTree = "<group>"; };
		C421239D23D3AC7D0012A865 /* Test+CoreDataProperties.swift */ = {isa = PBXFileReference; lastKnownFileType = sourcecode.swift; path = "Test+CoreDataProperties.swift"; sourceTree = "<group>"; };
/* End PBXFileReference section */

/* Begin PBXFrameworksBuildPhase section */
		C421237F23D3AC5D0012A865 /* Frameworks */ = {
			isa = PBXFrameworksBuildPhase;
			buildActionMask = 2147483647;
			files = (
			);
			runOnlyForDeploymentPostprocessing = 0;
		};
/* End PBXFrameworksBuildPhase section */

/* Begin PBXGroup section */
		C421237923D3AC5D0012A865 = {
			isa = PBXGroup;
			children = (
				C421238423D3AC5D0012A865 /* CollectionViewBug */,
				C421238323D3AC5D0012A865 /* Products */,
			);
			sourceTree = "<group>";
		};
		C421238323D3AC5D0012A865 /* Products */ = {
			isa = PBXGroup;
			children = (
				C421238223D3AC5D0012A865 /* CollectionViewBug.app */,
			);
			name = Products;
			sourceTree = "<group>";
		};
		C421238423D3AC5D0012A865 /* CollectionViewBug */ = {
			isa = PBXGroup;
			children = (
				C421238523D3AC5D0012A865 /* AppDelegate.swift */,
				C421238723D3AC5D0012A865 /* SceneDelegate.swift */,
				C421238923D3AC5D0012A865 /* ViewController.swift */,
				C421239C23D3AC7D0012A865 /* Test+CoreDataClass.swift */,
				C421239D23D3AC7D0012A865 /* Test+CoreDataProperties.swift */,
				C421238B23D3AC5D0012A865 /* Main.storyboard */,
				C421239123D3AC5E0012A865 /* Assets.xcassets */,
				C421239323D3AC5E0012A865 /* LaunchScreen.storyboard */,
				C421239623D3AC5E0012A865 /* Info.plist */,
				C421238E23D3AC5D0012A865 /* CollectionViewBug.xcdatamodeld */,
			);
			path = CollectionViewBug;
			sourceTree = "<group>";
		};
/* End PBXGroup section */

/* Begin PBXNativeTarget section */
		C421238123D3AC5D0012A865 /* CollectionViewBug */ = {
			isa = PBXNativeTarget;
			buildConfigurationList = C421239923D3AC5E0012A865 /* Build configuration list for PBXNativeTarget "CollectionViewBug" */;
			buildPhases = (
				C421237E23D3AC5D0012A865 /* Sources */,
				C421237F23D3AC5D0012A865 /* Frameworks */,
				C421238023D3AC5D0012A865 /* Resources */,
			);
			buildRules = (
			);
			dependencies = (
			);
			name = CollectionViewBug;
			productName = CollectionViewBug;
			productReference = C421238223D3AC5D0012A865 /* CollectionViewBug.app */;
			productType = "com.apple.product-type.application";
		};
/* End PBXNativeTarget section */

/* Begin PBXProject section */
		C421237A23D3AC5D0012A865 /* Project object */ = {
			isa = PBXProject;
			attributes = {
				LastSwiftUpdateCheck = 1130;
				LastUpgradeCheck = 1130;
				ORGANIZATIONNAME = "David Everlöf";
				TargetAttributes = {
					C421238123D3AC5D0012A865 = {
						CreatedOnToolsVersion = 11.3;
					};
				};
			};
			buildConfigurationList = C421237D23D3AC5D0012A865 /* Build configuration list for PBXProject "CollectionViewBug" */;
			compatibilityVersion = "Xcode 9.3";
			developmentRegion = en;
			hasScannedForEncodings = 0;
			knownRegions = (
				en,
				Base,
			);
			mainGroup = C421237923D3AC5D0012A865;
			productRefGroup = C421238323D3AC5D0012A865 /* Products */;
			projectDirPath = "";
			projectRoot = "";
			targets = (
				C421238123D3AC5D0012A865 /* CollectionViewBug */,
			);
		};
/* End PBXProject section */

/* Begin PBXResourcesBuildPhase section */
		C421238023D3AC5D0012A865 /* Resources */ = {
			isa = PBXResourcesBuildPhase;
			buildActionMask = 2147483647;
			files = (
				C421239523D3AC5E0012A865 /* LaunchScreen.storyboard in Resources */,
				C421239223D3AC5E0012A865 /* Assets.xcassets in Resources */,
				C421238D23D3AC5D0012A865 /* Main.storyboard in Resources */,
			);
			runOnlyForDeploymentPostprocessing = 0;
		};
/* End PBXResourcesBuildPhase section */

/* Begin PBXSourcesBuildPhase section */
		C421237E23D3AC5D0012A865 /* Sources */ = {
			isa = PBXSourcesBuildPhase;
			buildActionMask = 2147483647;
			files = (
				C421238A23D3AC5D0012A865 /* ViewController.swift in Sources */,
				C421238623D3AC5D0012A865 /* AppDelegate.swift in Sources */,
				C421238823D3AC5D0012A865 /* SceneDelegate.swift in Sources */,
				C421239F23D3AC7D0012A865 /* Test+CoreDataProperties.swift in Sources */,
				C421239023D3AC5D0012A865 /* CollectionViewBug.xcdatamodeld in Sources */,
				C421239E23D3AC7D0012A865 /* Test+CoreDataClass.swift in Sources */,
			);
			runOnlyForDeploymentPostprocessing = 0;
		};
/* End PBXSourcesBuildPhase section */

/* Begin PBXVariantGroup section */
		C421238B23D3AC5D0012A865 /* Main.storyboard */ = {
			isa = PBXVariantGroup;
			children = (
				C421238C23D3AC5D0012A865 /* Base */,
			);
			name = Main.storyboard;
			sourceTree = "<group>";
		};
		C421239323D3AC5E0012A865 /* LaunchScreen.storyboard */ = {
			isa = PBXVariantGroup;
			children = (
				C421239423D3AC5E0012A865 /* Base */,
			);
			name = LaunchScreen.storyboard;
			sourceTree = "<group>";
		};
/* End PBXVariantGroup section */

/* Begin XCBuildConfiguration section */
		C421239723D3AC5E0012A865 /* Debug */ = {
			isa = XCBuildConfiguration;
			buildSettings = {
				ALWAYS_SEARCH_USER_PATHS = NO;
				CLANG_ANALYZER_NONNULL = YES;
				CLANG_ANALYZER_NUMBER_OBJECT_CONVERSION = YES_AGGRESSIVE;
				CLANG_CXX_LANGUAGE_STANDARD = "gnu++14";
				CLANG_CXX_LIBRARY = "libc++";
				CLANG_ENABLE_MODULES = YES;
				CLANG_ENABLE_OBJC_ARC = YES;
				CLANG_ENABLE_OBJC_WEAK = YES;
				CLANG_WARN_BLOCK_CAPTURE_AUTORELEASING = YES;
				CLANG_WARN_BOOL_CONVERSION = YES;
				CLANG_WARN_COMMA = YES;
				CLANG_WARN_CONSTANT_CONVERSION = YES;
				CLANG_WARN_DEPRECATED_OBJC_IMPLEMENTATIONS = YES;
				CLANG_WARN_DIRECT_OBJC_ISA_USAGE = YES_ERROR;
				CLANG_WARN_DOCUMENTATION_COMMENTS = YES;
				CLANG_WARN_EMPTY_BODY = YES;
				CLANG_WARN_ENUM_CONVERSION = YES;
				CLANG_WARN_INFINITE_RECURSION = YES;
				CLANG_WARN_INT_CONVERSION = YES;
				CLANG_WARN_NON_LITERAL_NULL_CONVERSION = YES;
				CLANG_WARN_OBJC_IMPLICIT_RETAIN_SELF = YES;
				CLANG_WARN_OBJC_LITERAL_CONVERSION = YES;
				CLANG_WARN_OBJC_ROOT_CLASS = YES_ERROR;
				CLANG_WARN_RANGE_LOOP_ANALYSIS = YES;
				CLANG_WARN_STRICT_PROTOTYPES = YES;
				CLANG_WARN_SUSPICIOUS_MOVE = YES;
				CLANG_WARN_UNGUARDED_AVAILABILITY = YES_AGGRESSIVE;
				CLANG_WARN_UNREACHABLE_CODE = YES;
				CLANG_WARN__DUPLICATE_METHOD_MATCH = YES;
				COPY_PHASE_STRIP = NO;
				DEBUG_INFORMATION_FORMAT = dwarf;
				ENABLE_STRICT_OBJC_MSGSEND = YES;
				ENABLE_TESTABILITY = YES;
				GCC_C_LANGUAGE_STANDARD = gnu11;
				GCC_DYNAMIC_NO_PIC = NO;
				GCC_NO_COMMON_BLOCKS = YES;
				GCC_OPTIMIZATION_LEVEL = 0;
				GCC_PREPROCESSOR_DEFINITIONS = (
					"DEBUG=1",
					"$(inherited)",
				);
				GCC_WARN_64_TO_32_BIT_CONVERSION = YES;
				GCC_WARN_ABOUT_RETURN_TYPE = YES_ERROR;
				GCC_WARN_UNDECLARED_SELECTOR = YES;
				GCC_WARN_UNINITIALIZED_AUTOS = YES_AGGRESSIVE;
				GCC_WARN_UNUSED_FUNCTION = YES;
				GCC_WARN_UNUSED_VARIABLE = YES;
				IPHONEOS_DEPLOYMENT_TARGET = 13.2;
				MTL_ENABLE_DEBUG_INFO = INCLUDE_SOURCE;
				MTL_FAST_MATH = YES;
				ONLY_ACTIVE_ARCH = YES;
				SDKROOT = iphoneos;
				SWIFT_ACTIVE_COMPILATION_CONDITIONS = DEBUG;
				SWIFT_OPTIMIZATION_LEVEL = "-Onone";
			};
			name = Debug;
		};
		C421239823D3AC5E0012A865 /* Release */ = {
			isa = XCBuildConfiguration;
			buildSettings = {
				ALWAYS_SEARCH_USER_PATHS = NO;
				CLANG_ANALYZER_NONNULL = YES;
				CLANG_ANALYZER_NUMBER_OBJECT_CONVERSION = YES_AGGRESSIVE;
				CLANG_CXX_LANGUAGE_STANDARD = "gnu++14";
				CLANG_CXX_LIBRARY = "libc++";
				CLANG_ENABLE_MODULES = YES;
				CLANG_ENABLE_OBJC_ARC = YES;
				CLANG_ENABLE_OBJC_WEAK = YES;
				CLANG_WARN_BLOCK_CAPTURE_AUTORELEASING = YES;
				CLANG_WARN_BOOL_CONVERSION = YES;
				CLANG_WARN_COMMA = YES;
				CLANG_WARN_CONSTANT_CONVERSION = YES;
				CLANG_WARN_DEPRECATED_OBJC_IMPLEMENTATIONS = YES;
				CLANG_WARN_DIRECT_OBJC_ISA_USAGE = YES_ERROR;
				CLANG_WARN_DOCUMENTATION_COMMENTS = YES;
				CLANG_WARN_EMPTY_BODY = YES;
				CLANG_WARN_ENUM_CONVERSION = YES;
				CLANG_WARN_INFINITE_RECURSION = YES;
				CLANG_WARN_INT_CONVERSION = YES;
				CLANG_WARN_NON_LITERAL_NULL_CONVERSION = YES;
				CLANG_WARN_OBJC_IMPLICIT_RETAIN_SELF = YES;
				CLANG_WARN_OBJC_LITERAL_CONVERSION = YES;
				CLANG_WARN_OBJC_ROOT_CLASS = YES_ERROR;
				CLANG_WARN_RANGE_LOOP_ANALYSIS = YES;
				CLANG_WARN_STRICT_PROTOTYPES = YES;
				CLANG_WARN_SUSPICIOUS_MOVE = YES;
				CLANG_WARN_UNGUARDED_AVAILABILITY = YES_AGGRESSIVE;
				CLANG_WARN_UNREACHABLE_CODE = YES;
				CLANG_WARN__DUPLICATE_METHOD_MATCH = YES;
				COPY_PHASE_STRIP = NO;
				DEBUG_INFORMATION_FORMAT = "dwarf-with-dsym";
				ENABLE_NS_ASSERTIONS = NO;
				ENABLE_STRICT_OBJC_MSGSEND = YES;
				GCC_C_LANGUAGE_STANDARD = gnu11;
				GCC_NO_COMMON_BLOCKS = YES;
				GCC_WARN_64_TO_32_BIT_CONVERSION = YES;
				GCC_WARN_ABOUT_RETURN_TYPE = YES_ERROR;
				GCC_WARN_UNDECLARED_SELECTOR = YES;
				GCC_WARN_UNINITIALIZED_AUTOS = YES_AGGRESSIVE;
				GCC_WARN_UNUSED_FUNCTION = YES;
				GCC_WARN_UNUSED_VARIABLE = YES;
				IPHONEOS_DEPLOYMENT_TARGET = 13.2;
				MTL_ENABLE_DEBUG_INFO = NO;
				MTL_FAST_MATH = YES;
				SDKROOT = iphoneos;
				SWIFT_COMPILATION_MODE = wholemodule;
				SWIFT_OPTIMIZATION_LEVEL = "-O";
				VALIDATE_PRODUCT = YES;
			};
			name = Release;
		};
		C421239A23D3AC5E0012A865 /* Debug */ = {
			isa = XCBuildConfiguration;
			buildSettings = {
				ASSETCATALOG_COMPILER_APPICON_NAME = AppIcon;
				CODE_SIGN_STYLE = Automatic;
				INFOPLIST_FILE = CollectionViewBug/Info.plist;
				LD_RUNPATH_SEARCH_PATHS = (
					"$(inherited)",
					"@executable_path/Frameworks",
				);
				PRODUCT_BUNDLE_IDENTIFIER = com.test.CollectionViewBug;
				PRODUCT_NAME = "$(TARGET_NAME)";
				SWIFT_VERSION = 5.0;
				TARGETED_DEVICE_FAMILY = "1,2";
			};
			name = Debug;
		};
		C421239B23D3AC5E0012A865 /* Release */ = {
			isa = XCBuildConfiguration;
			buildSettings = {
				ASSETCATALOG_COMPILER_APPICON_NAME = AppIcon;
				CODE_SIGN_STYLE = Automatic;
				INFOPLIST_FILE = CollectionViewBug/Info.plist;
				LD_RUNPATH_SEARCH_PATHS = (
					"$(inherited)",
					"@executable_path/Frameworks",
				);
				PRODUCT_BUNDLE_IDENTIFIER = com.test.CollectionViewBug;
				PRODUCT_NAME = "$(TARGET_NAME)";
				SWIFT_VERSION = 5.0;
				TARGETED_DEVICE_FAMILY = "1,2";
			};
			name = Release;
		};
/* End XCBuildConfiguration section */

/* Begin XCConfigurationList section */
		C421237D23D3AC5D0012A865 /* Build configuration list for PBXProject "CollectionViewBug" */ = {
			isa = XCConfigurationList;
			buildConfigurations = (
				C421239723D3AC5E0012A865 /* Debug */,
				C421239823D3AC5E0012A865 /* Release */,
			);
			defaultConfigurationIsVisible = 0;
			defaultConfigurationName = Release;
		};
		C421239923D3AC5E0012A865 /* Build configuration list for PBXNativeTarget "CollectionViewBug" */ = {
			isa = XCConfigurationList;
			buildConfigurations = (
				C421239A23D3AC5E0012A865 /* Debug */,
				C421239B23D3AC5E0012A865 /* Release */,
			);
			defaultConfigurationIsVisible = 0;
			defaultConfigurationName = Release;
		};
/* End XCConfigurationList section */

/* Begin XCVersionGroup section */
		C421238E23D3AC5D0012A865 /* CollectionViewBug.xcdatamodeld */ = {
			isa = XCVersionGroup;
			children = (
				C421238F23D3AC5D0012A865 /* CollectionViewBug.xcdatamodel */,
			);
			currentVersion = C421238F23D3AC5D0012A865 /* CollectionViewBug.xcdatamodel */;
			path = CollectionViewBug.xcdatamodeld;
			sourceTree = "<group>";
			versionGroupType = wrapper.xcdatamodel;
		};
/* End XCVersionGroup section */
	};
	rootObject = C421237A23D3AC5D0012A865 /* Project object */;
}
